
Microsoft Visual Studio Solution File, Format Version 12.00
# Visual Studio Version 17
VisualStudioVersion = 17.0.31919.166
MinimumVisualStudioVersion = 10.0.40219.1
Project("{9A19103F-16F7-4668-BE54-9A1E7A4F7556}") = "AdventOfCode2021.Day01", "src\AdventOfCode2021.Day01\AdventOfCode2021.Day01.csproj", "{9A4C2EEB-9FCD-4BBB-9769-31C1DE15C8AC}"
EndProject
Project("{9A19103F-16F7-4668-BE54-9A1E7A4F7556}") = "AdventOfCode2021.Day02", "src\AdventOfCode2021.Day02\AdventOfCode2021.Day02.csproj", "{60086B94-9F44-4D34-8A0D-4B94D2A39A36}"
EndProject
Project("{9A19103F-16F7-4668-BE54-9A1E7A4F7556}") = "AdventOfCode2021.Day03", "src\AdventOfCode2021.Day03\AdventOfCode2021.Day03.csproj", "{AE863452-1B9F-4240-A473-563E274EC769}"
EndProject
Project("{9A19103F-16F7-4668-BE54-9A1E7A4F7556}") = "AdventOfCode2021.Day04", "src\AdventOfCode2021.Day04\AdventOfCode2021.Day04.csproj", "{CF235B57-1AC5-4B78-94B8-2F1E482EA3CA}"
EndProject
Project("{9A19103F-16F7-4668-BE54-9A1E7A4F7556}") = "AdventOfCode2021.Day05", "src\AdventOfCode2021.Day05\AdventOfCode2021.Day05.csproj", "{445D9EA1-5914-4843-8F2F-DB84B8FBE740}"
EndProject
Project("{9A19103F-16F7-4668-BE54-9A1E7A4F7556}") = "AdventOfCode2021.Day06", "src\AdventOfCode2021.Day06\AdventOfCode2021.Day06.csproj", "{A1FC6D80-7F17-4405-960E-74D83DFDB6A7}"
EndProject
Project("{9A19103F-16F7-4668-BE54-9A1E7A4F7556}") = "AdventOfCode2021.Day07", "src\AdventOfCode2021.Day07\AdventOfCode2021.Day07.csproj", "{525283A5-3938-4EAB-9F56-8A86CB5BC53D}"
EndProject
Project("{9A19103F-16F7-4668-BE54-9A1E7A4F7556}") = "AdventOfCode2021.Day08", "src\AdventOfCode2021.Day08\AdventOfCode2021.Day08.csproj", "{A141BACA-78F8-4C6C-9344-6873DAB65E85}"
EndProject
Project("{FAE04EC0-301F-11D3-BF4B-00C04F79EFBC}") = "AdventOfCode2021.Day09", "src\AdventOfCode2021.Day09\AdventOfCode2021.Day09.csproj", "{4B5E27F3-6EAA-4709-8A1B-716217268503}"
EndProject
Project("{FAE04EC0-301F-11D3-BF4B-00C04F79EFBC}") = "AdventOfCode2021.Day10", "src\AdventOfCode2021.Day10\AdventOfCode2021.Day10.csproj", "{86260917-F46F-41D7-8479-4E68CEFBCFE3}"
EndProject
Project("{FAE04EC0-301F-11D3-BF4B-00C04F79EFBC}") = "AdventOfCode2021.Day11", "src\AdventOfCode2021.Day11\AdventOfCode2021.Day11.csproj", "{1B0F7944-134A-4452-BAEC-1ADA5D844FBF}"
EndProject
Project("{FAE04EC0-301F-11D3-BF4B-00C04F79EFBC}") = "AdventOfCode2021.Day12", "src\AdventOfCode2021.Day12\AdventOfCode2021.Day12.csproj", "{69744001-0A51-467E-8528-9ACE58BE8B1B}"
EndProject
Project("{FAE04EC0-301F-11D3-BF4B-00C04F79EFBC}") = "AdventOfCode2021.Day13", "src\AdventOfCode2021.Day13\AdventOfCode2021.Day13.csproj", "{87C24E08-D9C8-4198-A684-0192BF4FE1D1}"
EndProject
Project("{FAE04EC0-301F-11D3-BF4B-00C04F79EFBC}") = "AdventOfCode2021.Day14", "src\AdventOfCode2021.Day14\AdventOfCode2021.Day14.csproj", "{54DA1DBB-2E2D-4038-BD69-DC94DB5F1DD2}"
EndProject
Project("{FAE04EC0-301F-11D3-BF4B-00C04F79EFBC}") = "AdventOfCode2021.Day15", "src\AdventOfCode2021.Day15\AdventOfCode2021.Day15.csproj", "{28870A6C-21E4-448F-9D8E-C1C55AEC5EF5}"
EndProject
Project("{FAE04EC0-301F-11D3-BF4B-00C04F79EFBC}") = "AdventOfCode2021.Day16", "src\AdventOfCode2021.Day16\AdventOfCode2021.Day16.csproj", "{8910CB9E-A6EB-4D08-815D-805B5221BAEA}"
EndProject
Project("{FAE04EC0-301F-11D3-BF4B-00C04F79EFBC}") = "AdventOfCode2021.Day17", "src\AdventOfCode2021.Day17\AdventOfCode2021.Day17.csproj", "{64DE995C-3F68-48FC-A221-35A21C10E314}"
EndProject
Global
	GlobalSection(SolutionConfigurationPlatforms) = preSolution
		Debug|Any CPU = Debug|Any CPU
		Release|Any CPU = Release|Any CPU
	EndGlobalSection
	GlobalSection(ProjectConfigurationPlatforms) = postSolution
		{9A4C2EEB-9FCD-4BBB-9769-31C1DE15C8AC}.Debug|Any CPU.ActiveCfg = Debug|Any CPU
		{9A4C2EEB-9FCD-4BBB-9769-31C1DE15C8AC}.Debug|Any CPU.Build.0 = Debug|Any CPU
		{9A4C2EEB-9FCD-4BBB-9769-31C1DE15C8AC}.Release|Any CPU.ActiveCfg = Release|Any CPU
		{9A4C2EEB-9FCD-4BBB-9769-31C1DE15C8AC}.Release|Any CPU.Build.0 = Release|Any CPU
		{60086B94-9F44-4D34-8A0D-4B94D2A39A36}.Debug|Any CPU.ActiveCfg = Debug|Any CPU
		{60086B94-9F44-4D34-8A0D-4B94D2A39A36}.Debug|Any CPU.Build.0 = Debug|Any CPU
		{60086B94-9F44-4D34-8A0D-4B94D2A39A36}.Release|Any CPU.ActiveCfg = Release|Any CPU
		{60086B94-9F44-4D34-8A0D-4B94D2A39A36}.Release|Any CPU.Build.0 = Release|Any CPU
		{AE863452-1B9F-4240-A473-563E274EC769}.Debug|Any CPU.ActiveCfg = Debug|Any CPU
		{AE863452-1B9F-4240-A473-563E274EC769}.Debug|Any CPU.Build.0 = Debug|Any CPU
		{AE863452-1B9F-4240-A473-563E274EC769}.Release|Any CPU.ActiveCfg = Release|Any CPU
		{AE863452-1B9F-4240-A473-563E274EC769}.Release|Any CPU.Build.0 = Release|Any CPU
		{CF235B57-1AC5-4B78-94B8-2F1E482EA3CA}.Debug|Any CPU.ActiveCfg = Debug|Any CPU
		{CF235B57-1AC5-4B78-94B8-2F1E482EA3CA}.Debug|Any CPU.Build.0 = Debug|Any CPU
		{CF235B57-1AC5-4B78-94B8-2F1E482EA3CA}.Release|Any CPU.ActiveCfg = Release|Any CPU
		{CF235B57-1AC5-4B78-94B8-2F1E482EA3CA}.Release|Any CPU.Build.0 = Release|Any CPU
		{445D9EA1-5914-4843-8F2F-DB84B8FBE740}.Debug|Any CPU.ActiveCfg = Debug|Any CPU
		{445D9EA1-5914-4843-8F2F-DB84B8FBE740}.Debug|Any CPU.Build.0 = Debug|Any CPU
		{445D9EA1-5914-4843-8F2F-DB84B8FBE740}.Release|Any CPU.ActiveCfg = Release|Any CPU
		{445D9EA1-5914-4843-8F2F-DB84B8FBE740}.Release|Any CPU.Build.0 = Release|Any CPU
		{A1FC6D80-7F17-4405-960E-74D83DFDB6A7}.Debug|Any CPU.ActiveCfg = Debug|Any CPU
		{A1FC6D80-7F17-4405-960E-74D83DFDB6A7}.Debug|Any CPU.Build.0 = Debug|Any CPU
		{A1FC6D80-7F17-4405-960E-74D83DFDB6A7}.Release|Any CPU.ActiveCfg = Release|Any CPU
		{A1FC6D80-7F17-4405-960E-74D83DFDB6A7}.Release|Any CPU.Build.0 = Release|Any CPU
		{525283A5-3938-4EAB-9F56-8A86CB5BC53D}.Debug|Any CPU.ActiveCfg = Debug|Any CPU
		{525283A5-3938-4EAB-9F56-8A86CB5BC53D}.Debug|Any CPU.Build.0 = Debug|Any CPU
		{525283A5-3938-4EAB-9F56-8A86CB5BC53D}.Release|Any CPU.ActiveCfg = Release|Any CPU
		{525283A5-3938-4EAB-9F56-8A86CB5BC53D}.Release|Any CPU.Build.0 = Release|Any CPU
		{A141BACA-78F8-4C6C-9344-6873DAB65E85}.Debug|Any CPU.ActiveCfg = Debug|Any CPU
		{A141BACA-78F8-4C6C-9344-6873DAB65E85}.Debug|Any CPU.Build.0 = Debug|Any CPU
		{A141BACA-78F8-4C6C-9344-6873DAB65E85}.Release|Any CPU.ActiveCfg = Release|Any CPU
		{A141BACA-78F8-4C6C-9344-6873DAB65E85}.Release|Any CPU.Build.0 = Release|Any CPU
		{4B5E27F3-6EAA-4709-8A1B-716217268503}.Debug|Any CPU.ActiveCfg = Debug|Any CPU
		{4B5E27F3-6EAA-4709-8A1B-716217268503}.Debug|Any CPU.Build.0 = Debug|Any CPU
		{4B5E27F3-6EAA-4709-8A1B-716217268503}.Release|Any CPU.ActiveCfg = Release|Any CPU
		{4B5E27F3-6EAA-4709-8A1B-716217268503}.Release|Any CPU.Build.0 = Release|Any CPU
		{86260917-F46F-41D7-8479-4E68CEFBCFE3}.Debug|Any CPU.ActiveCfg = Debug|Any CPU
		{86260917-F46F-41D7-8479-4E68CEFBCFE3}.Debug|Any CPU.Build.0 = Debug|Any CPU
		{86260917-F46F-41D7-8479-4E68CEFBCFE3}.Release|Any CPU.ActiveCfg = Release|Any CPU
		{86260917-F46F-41D7-8479-4E68CEFBCFE3}.Release|Any CPU.Build.0 = Release|Any CPU
		{1B0F7944-134A-4452-BAEC-1ADA5D844FBF}.Debug|Any CPU.ActiveCfg = Debug|Any CPU
		{1B0F7944-134A-4452-BAEC-1ADA5D844FBF}.Debug|Any CPU.Build.0 = Debug|Any CPU
		{1B0F7944-134A-4452-BAEC-1ADA5D844FBF}.Release|Any CPU.ActiveCfg = Release|Any CPU
		{1B0F7944-134A-4452-BAEC-1ADA5D844FBF}.Release|Any CPU.Build.0 = Release|Any CPU
		{69744001-0A51-467E-8528-9ACE58BE8B1B}.Debug|Any CPU.ActiveCfg = Debug|Any CPU
		{69744001-0A51-467E-8528-9ACE58BE8B1B}.Debug|Any CPU.Build.0 = Debug|Any CPU
		{69744001-0A51-467E-8528-9ACE58BE8B1B}.Release|Any CPU.ActiveCfg = Release|Any CPU
		{69744001-0A51-467E-8528-9ACE58BE8B1B}.Release|Any CPU.Build.0 = Release|Any CPU
		{87C24E08-D9C8-4198-A684-0192BF4FE1D1}.Debug|Any CPU.ActiveCfg = Debug|Any CPU
		{87C24E08-D9C8-4198-A684-0192BF4FE1D1}.Debug|Any CPU.Build.0 = Debug|Any CPU
		{87C24E08-D9C8-4198-A684-0192BF4FE1D1}.Release|Any CPU.ActiveCfg = Release|Any CPU
		{87C24E08-D9C8-4198-A684-0192BF4FE1D1}.Release|Any CPU.Build.0 = Release|Any CPU
		{54DA1DBB-2E2D-4038-BD69-DC94DB5F1DD2}.Debug|Any CPU.ActiveCfg = Debug|Any CPU
		{54DA1DBB-2E2D-4038-BD69-DC94DB5F1DD2}.Debug|Any CPU.Build.0 = Debug|Any CPU
		{54DA1DBB-2E2D-4038-BD69-DC94DB5F1DD2}.Release|Any CPU.ActiveCfg = Release|Any CPU
		{54DA1DBB-2E2D-4038-BD69-DC94DB5F1DD2}.Release|Any CPU.Build.0 = Release|Any CPU
		{28870A6C-21E4-448F-9D8E-C1C55AEC5EF5}.Debug|Any CPU.ActiveCfg = Debug|Any CPU
		{28870A6C-21E4-448F-9D8E-C1C55AEC5EF5}.Debug|Any CPU.Build.0 = Debug|Any CPU
		{28870A6C-21E4-448F-9D8E-C1C55AEC5EF5}.Release|Any CPU.ActiveCfg = Release|Any CPU
		{28870A6C-21E4-448F-9D8E-C1C55AEC5EF5}.Release|Any CPU.Build.0 = Release|Any CPU
		{8910CB9E-A6EB-4D08-815D-805B5221BAEA}.Debug|Any CPU.ActiveCfg = Debug|Any CPU
		{8910CB9E-A6EB-4D08-815D-805B5221BAEA}.Debug|Any CPU.Build.0 = Debug|Any CPU
		{8910CB9E-A6EB-4D08-815D-805B5221BAEA}.Release|Any CPU.ActiveCfg = Release|Any CPU
		{8910CB9E-A6EB-4D08-815D-805B5221BAEA}.Release|Any CPU.Build.0 = Release|Any CPU
		{64DE995C-3F68-48FC-A221-35A21C10E314}.Debug|Any CPU.ActiveCfg = Debug|Any CPU
		{64DE995C-3F68-48FC-A221-35A21C10E314}.Debug|Any CPU.Build.0 = Debug|Any CPU
		{64DE995C-3F68-48FC-A221-35A21C10E314}.Release|Any CPU.ActiveCfg = Release|Any CPU
		{64DE995C-3F68-48FC-A221-35A21C10E314}.Release|Any CPU.Build.0 = Release|Any CPU
	EndGlobalSection
	GlobalSection(SolutionProperties) = preSolution
		HideSolutionNode = FALSE
	EndGlobalSection
	GlobalSection(ExtensibilityGlobals) = postSolution
		SolutionGuid = {64290D09-A549-4B48-9237-5B5A22667DB6}
	EndGlobalSection
EndGlobal
